
Microsoft Visual Studio Solution File, Format Version 12.00
# Visual Studio 15
VisualStudioVersion = 15.0.27130.2003
MinimumVisualStudioVersion = 10.0.40219.1
Project("{FAE04EC0-301F-11D3-BF4B-00C04F79EFBC}") = "CoinsAlert", "CoinsAlert\CoinsAlert.csproj", "{FAF858D8-CB47-4EA1-A203-5359F36B59D9}"
EndProject
Global
	GlobalSection(SolutionConfigurationPlatforms) = preSolution
		Debug|Any CPU = Debug|Any CPU
		Release|Any CPU = Release|Any CPU
	EndGlobalSection
	GlobalSection(ProjectConfigurationPlatforms) = postSolution
		{FAF858D8-CB47-4EA1-A203-5359F36B59D9}.Debug|Any CPU.ActiveCfg = Debug|Any CPU
		{FAF858D8-CB47-4EA1-A203-5359F36B59D9}.Debug|Any CPU.Build.0 = Debug|Any CPU
		{FAF858D8-CB47-4EA1-A203-5359F36B59D9}.Release|Any CPU.ActiveCfg = Release|Any CPU
		{FAF858D8-CB47-4EA1-A203-5359F36B59D9}.Release|Any CPU.Build.0 = Release|Any CPU
	EndGlobalSection
	GlobalSection(SolutionProperties) = preSolution
		HideSolutionNode = FALSE
	EndGlobalSection
	GlobalSection(ExtensibilityGlobals) = postSolution
		SolutionGuid = {CF005206-A43E-45A0-A0AE-1F034A6504C1}
	EndGlobalSection
EndGlobal
